
Microsoft Visual Studio Solution File, Format Version 12.00
# Visual Studio Version 17
VisualStudioVersion = 17.0.32126.317
MinimumVisualStudioVersion = 10.0.40219.1
Project("{FAE04EC0-301F-11D3-BF4B-00C04F79EFBC}") = "ProductReviewManagement", "ProductReviewManagement.csproj", "{CDFA1D20-0687-435E-8655-8B10E745D9D1}"
EndProject
Global
	GlobalSection(SolutionConfigurationPlatforms) = preSolution
		Debug|Any CPU = Debug|Any CPU
		Release|Any CPU = Release|Any CPU
	EndGlobalSection
	GlobalSection(ProjectConfigurationPlatforms) = postSolution
		{CDFA1D20-0687-435E-8655-8B10E745D9D1}.Debug|Any CPU.ActiveCfg = Debug|Any CPU
		{CDFA1D20-0687-435E-8655-8B10E745D9D1}.Debug|Any CPU.Build.0 = Debug|Any CPU
		{CDFA1D20-0687-435E-8655-8B10E745D9D1}.Release|Any CPU.ActiveCfg = Release|Any CPU
		{CDFA1D20-0687-435E-8655-8B10E745D9D1}.Release|Any CPU.Build.0 = Release|Any CPU
	EndGlobalSection
	GlobalSection(SolutionProperties) = preSolution
		HideSolutionNode = FALSE
	EndGlobalSection
	GlobalSection(ExtensibilityGlobals) = postSolution
		SolutionGuid = {336C5E28-01A5-4479-B796-9947A971497F}
	EndGlobalSection
EndGlobal
